{
  "nodes": {
    "nixpkgs": {
      "locked": {
        "lastModified": 1742669843,
        "narHash": "sha256-G5n+FOXLXcRx+3hCJ6Rt6ZQyF1zqQ0DL0sWAMn2Nk0w=",
        "owner": "nixos",
        "repo": "nixpkgs",
        "rev": "1e5b653dff12029333a6546c11e108ede13052eb",
        "type": "github"
      },
      "original": {
        "owner": "nixos",
        "ref": "nixos-unstable",
        "repo": "nixpkgs",
        "type": "github"
      }
    },
    "root": {
      "inputs": {
        "nixpkgs": "nixpkgs",
        "zargs": "zargs"
      }
    },
    "zargs": {
      "flake": false,
      "locked": {
        "lastModified": 1743093826,
        "narHash": "sha256-uR+jy/GV+5If2Xs07cQCFXTKp9HE3tdH19wZ+7N/o70=",
        "owner": "pseudocc",
        "repo": "zargs",
        "rev": "2b27bfe487d80ec326ffa3bab4b7dd5ccb6a4e58",
        "type": "github"
      },
      "original": {
        "owner": "pseudocc",
        "repo": "zargs",
        "rev": "2b27bfe487d80ec326ffa3bab4b7dd5ccb6a4e58",
        "type": "github"
      }
    }
  },
  "root": "root",
  "version": 7
}
