{
  "nodes": {
    "nixpkgs": {
      "locked": {
        "lastModified": 1742669843,
        "narHash": "sha256-G5n+FOXLXcRx+3hCJ6Rt6ZQyF1zqQ0DL0sWAMn2Nk0w=",
        "owner": "nixos",
        "repo": "nixpkgs",
        "rev": "1e5b653dff12029333a6546c11e108ede13052eb",
        "type": "github"
      },
      "original": {
        "owner": "nixos",
        "ref": "nixos-unstable",
        "repo": "nixpkgs",
        "type": "github"
      }
    },
    "root": {
      "inputs": {
        "nixpkgs": "nixpkgs",
        "zargs": "zargs"
      }
    },
    "zargs": {
      "flake": false,
      "locked": {
        "lastModified": 1743069551,
        "narHash": "sha256-gxYal+ireSUyHCbHvj9NiibXHS/CcXrO2ZUd2o0DUvg=",
        "owner": "pseudocc",
        "repo": "zargs",
        "rev": "0383cb3cfc40f1b84c68b6445d91c2e8a66f2db2",
        "type": "github"
      },
      "original": {
        "owner": "pseudocc",
        "repo": "zargs",
        "rev": "0383cb3cfc40f1b84c68b6445d91c2e8a66f2db2",
        "type": "github"
      }
    }
  },
  "root": "root",
  "version": 7
}
